
Microsoft Visual Studio Solution File, Format Version 12.00
# Visual Studio Version 17
VisualStudioVersion = 17.13.35931.197
MinimumVisualStudioVersion = 10.0.40219.1
Project("{FAE04EC0-301F-11D3-BF4B-00C04F79EFBC}") = "Rekrutacja", "Rekrutacja.csproj", "{AEF7B009-E346-4EB2-8A33-6D5E7AD97127}"
EndProject
Project("{FAE04EC0-301F-11D3-BF4B-00C04F79EFBC}") = "RekrutacjaTests", "..\RekrutacjaTests\RekrutacjaTests.csproj", "{91ED055E-122A-4817-9E93-0390F971B562}"
EndProject
Project("{FAE04EC0-301F-11D3-BF4B-00C04F79EFBC}") = "NETRekrutacja", "..\Zadanie1\NETRekrutacja.csproj", "{A190086B-AAAD-8F7A-2DCF-57274A677D87}"
EndProject
Global
	GlobalSection(SolutionConfigurationPlatforms) = preSolution
		Debug|Any CPU = Debug|Any CPU
		Release|Any CPU = Release|Any CPU
	EndGlobalSection
	GlobalSection(ProjectConfigurationPlatforms) = postSolution
		{AEF7B009-E346-4EB2-8A33-6D5E7AD97127}.Debug|Any CPU.ActiveCfg = Debug|Any CPU
		{AEF7B009-E346-4EB2-8A33-6D5E7AD97127}.Debug|Any CPU.Build.0 = Debug|Any CPU
		{AEF7B009-E346-4EB2-8A33-6D5E7AD97127}.Release|Any CPU.ActiveCfg = Release|Any CPU
		{AEF7B009-E346-4EB2-8A33-6D5E7AD97127}.Release|Any CPU.Build.0 = Release|Any CPU
		{91ED055E-122A-4817-9E93-0390F971B562}.Debug|Any CPU.ActiveCfg = Debug|Any CPU
		{91ED055E-122A-4817-9E93-0390F971B562}.Debug|Any CPU.Build.0 = Debug|Any CPU
		{91ED055E-122A-4817-9E93-0390F971B562}.Release|Any CPU.ActiveCfg = Release|Any CPU
		{91ED055E-122A-4817-9E93-0390F971B562}.Release|Any CPU.Build.0 = Release|Any CPU
		{A190086B-AAAD-8F7A-2DCF-57274A677D87}.Debug|Any CPU.ActiveCfg = Debug|Any CPU
		{A190086B-AAAD-8F7A-2DCF-57274A677D87}.Debug|Any CPU.Build.0 = Debug|Any CPU
		{A190086B-AAAD-8F7A-2DCF-57274A677D87}.Release|Any CPU.ActiveCfg = Release|Any CPU
		{A190086B-AAAD-8F7A-2DCF-57274A677D87}.Release|Any CPU.Build.0 = Release|Any CPU
	EndGlobalSection
	GlobalSection(SolutionProperties) = preSolution
		HideSolutionNode = FALSE
	EndGlobalSection
	GlobalSection(ExtensibilityGlobals) = postSolution
		SolutionGuid = {6130BF74-EA29-4D81-97F2-56D92229CD6F}
	EndGlobalSection
EndGlobal
